
Microsoft Visual Studio Solution File, Format Version 12.00
# Visual Studio Version 17
VisualStudioVersion = 17.14.37111.16 d17.14
MinimumVisualStudioVersion = 10.0.40219.1
Project("{8BC9CEB8-8B4A-11D0-8D11-00A0C91BC942}") = "Google_test", "Google_test\Google_test.vcxproj", "{A1E45AFE-8DB6-4A67-A850-8BA8F840D6E7}"
EndProject
Global
	GlobalSection(SolutionConfigurationPlatforms) = preSolution
		Debug|x64 = Debug|x64
		Debug|x86 = Debug|x86
		Release|x64 = Release|x64
		Release|x86 = Release|x86
	EndGlobalSection
	GlobalSection(ProjectConfigurationPlatforms) = postSolution
		{A1E45AFE-8DB6-4A67-A850-8BA8F840D6E7}.Debug|x64.ActiveCfg = Debug|x64
		{A1E45AFE-8DB6-4A67-A850-8BA8F840D6E7}.Debug|x64.Build.0 = Debug|x64
		{A1E45AFE-8DB6-4A67-A850-8BA8F840D6E7}.Debug|x86.ActiveCfg = Debug|Win32
		{A1E45AFE-8DB6-4A67-A850-8BA8F840D6E7}.Debug|x86.Build.0 = Debug|Win32
		{A1E45AFE-8DB6-4A67-A850-8BA8F840D6E7}.Release|x64.ActiveCfg = Release|x64
		{A1E45AFE-8DB6-4A67-A850-8BA8F840D6E7}.Release|x64.Build.0 = Release|x64
		{A1E45AFE-8DB6-4A67-A850-8BA8F840D6E7}.Release|x86.ActiveCfg = Release|Win32
		{A1E45AFE-8DB6-4A67-A850-8BA8F840D6E7}.Release|x86.Build.0 = Release|Win32
	EndGlobalSection
	GlobalSection(SolutionProperties) = preSolution
		HideSolutionNode = FALSE
	EndGlobalSection
	GlobalSection(ExtensibilityGlobals) = postSolution
		SolutionGuid = {8BAA25A6-100F-49A4-A20C-498C6C5B9D11}
	EndGlobalSection
EndGlobal
